
Microsoft Visual Studio Solution File, Format Version 12.00
# Visual Studio Version 16
VisualStudioVersion = 16.0.31624.102
MinimumVisualStudioVersion = 10.0.40219.1
Project("{FAE04EC0-301F-11D3-BF4B-00C04F79EFBC}") = "lab5", "lab5.csproj", "{7EBFA7D4-F290-46A9-AFC2-815EE4E60642}"
EndProject
Project("{2150E333-8FDC-42A3-9474-1A3956D46DE8}") = "Solution Items", "Solution Items", "{D7F4FB2B-60A2-4D99-B7B7-60E9C3E56B14}"
EndProject
Global
	GlobalSection(SolutionConfigurationPlatforms) = preSolution
		Debug|Any CPU = Debug|Any CPU
		Release|Any CPU = Release|Any CPU
	EndGlobalSection
	GlobalSection(ProjectConfigurationPlatforms) = postSolution
		{7EBFA7D4-F290-46A9-AFC2-815EE4E60642}.Debug|Any CPU.ActiveCfg = Debug|Any CPU
		{7EBFA7D4-F290-46A9-AFC2-815EE4E60642}.Debug|Any CPU.Build.0 = Debug|Any CPU
		{7EBFA7D4-F290-46A9-AFC2-815EE4E60642}.Release|Any CPU.ActiveCfg = Release|Any CPU
		{7EBFA7D4-F290-46A9-AFC2-815EE4E60642}.Release|Any CPU.Build.0 = Release|Any CPU
	EndGlobalSection
	GlobalSection(SolutionProperties) = preSolution
		HideSolutionNode = FALSE
	EndGlobalSection
	GlobalSection(ExtensibilityGlobals) = postSolution
		SolutionGuid = {0B9C3844-93CE-4DF9-BB09-EDEC98ADFD4A}
	EndGlobalSection
EndGlobal
